// !$*UTF8*$!
{
	archiveVersion = 1;
	classes = {
	};
	objectVersion = 77;
	objects = {

/* Begin PBXContainerItemProxy section */
		2D20B84C2CED231200F9B837 /* PBXContainerItemProxy */ = {
			isa = PBXContainerItemProxy;
			containerPortal = 2D20B8332CED231000F9B837 /* Project object */;
			proxyType = 1;
			remoteGlobalIDString = 2D20B83A2CED231000F9B837;
			remoteInfo = WaveLink_Mobile_AI;
		};
		2D20B8562CED231200F9B837 /* PBXContainerItemProxy */ = {
			isa = PBXContainerItemProxy;
			containerPortal = 2D20B8332CED231000F9B837 /* Project object */;
			proxyType = 1;
			remoteGlobalIDString = 2D20B83A2CED231000F9B837;
			remoteInfo = WaveLink_Mobile_AI;
		};
/* End PBXContainerItemProxy section */

/* Begin PBXFileReference section */
		2D20B83B2CED231000F9B837 /* WaveLink_Mobile_AI.app */ = {isa = PBXFileReference; explicitFileType = wrapper.application; includeInIndex = 0; path = WaveLink_Mobile_AI.app; sourceTree = BUILT_PRODUCTS_DIR; };
		2D20B84B2CED231200F9B837 /* WaveLink_Mobile_AITests.xctest */ = {isa = PBXFileReference; explicitFileType = wrapper.cfbundle; includeInIndex = 0; path = WaveLink_Mobile_AITests.xctest; sourceTree = BUILT_PRODUCTS_DIR; };
		2D20B8552CED231200F9B837 /* WaveLink_Mobile_AIUITests.xctest */ = {isa = PBXFileReference; explicitFileType = wrapper.cfbundle; includeInIndex = 0; path = WaveLink_Mobile_AIUITests.xctest; sourceTree = BUILT_PRODUCTS_DIR; };
/* End PBXFileReference section */

/* Begin PBXFileSystemSynchronizedRootGroup section */
		2D20B83D2CED231000F9B837 /* WaveLink_Mobile_AI */ = {
			isa = PBXFileSystemSynchronizedRootGroup;
			path = WaveLink_Mobile_AI;
			sourceTree = "<group>";
		};
		2D20B84E2CED231200F9B837 /* WaveLink_Mobile_AITests */ = {
			isa = PBXFileSystemSynchronizedRootGroup;
			path = WaveLink_Mobile_AITests;
			sourceTree = "<group>";
		};
		2D20B8582CED231200F9B837 /* WaveLink_Mobile_AIUITests */ = {
			isa = PBXFileSystemSynchronizedRootGroup;
			path = WaveLink_Mobile_AIUITests;
			sourceTree = "<group>";
		};
/* End PBXFileSystemSynchronizedRootGroup section */

/* Begin PBXFrameworksBuildPhase section */
		2D20B8382CED231000F9B837 /* Frameworks */ = {
			isa = PBXFrameworksBuildPhase;
			buildActionMask = 2147483647;
			files = (
			);
			runOnlyForDeploymentPostprocessing = 0;
		};
		2D20B8482CED231100F9B837 /* Frameworks */ = {
			isa = PBXFrameworksBuildPhase;
			buildActionMask = 2147483647;
			files = (
			);
			runOnlyForDeploymentPostprocessing = 0;
		};
		2D20B8522CED231200F9B837 /* Frameworks */ = {
			isa = PBXFrameworksBuildPhase;
			buildActionMask = 2147483647;
			files = (
			);
			runOnlyForDeploymentPostprocessing = 0;
		};
/* End PBXFrameworksBuildPhase section */

/* Begin PBXGroup section */
		2D20B8322CED231000F9B837 = {
			isa = PBXGroup;
			children = (
				2D20B83D2CED231000F9B837 /* WaveLink_Mobile_AI */,
				2D20B84E2CED231200F9B837 /* WaveLink_Mobile_AITests */,
				2D20B8582CED231200F9B837 /* WaveLink_Mobile_AIUITests */,
				2D20B83C2CED231000F9B837 /* Products */,
			);
			sourceTree = "<group>";
		};
		2D20B83C2CED231000F9B837 /* Products */ = {
			isa = PBXGroup;
			children = (
				2D20B83B2CED231000F9B837 /* WaveLink_Mobile_AI.app */,
				2D20B84B2CED231200F9B837 /* WaveLink_Mobile_AITests.xctest */,
				2D20B8552CED231200F9B837 /* WaveLink_Mobile_AIUITests.xctest */,
			);
			name = Products;
			sourceTree = "<group>";
		};
/* End PBXGroup section */

/* Begin PBXNativeTarget section */
		2D20B83A2CED231000F9B837 /* WaveLink_Mobile_AI */ = {
			isa = PBXNativeTarget;
			buildConfigurationList = 2D20B85F2CED231200F9B837 /* Build configuration list for PBXNativeTarget "WaveLink_Mobile_AI" */;
			buildPhases = (
				2D20B8372CED231000F9B837 /* Sources */,
				2D20B8382CED231000F9B837 /* Frameworks */,
				2D20B8392CED231000F9B837 /* Resources */,
			);
			buildRules = (
			);
			dependencies = (
			);
			fileSystemSynchronizedGroups = (
				2D20B83D2CED231000F9B837 /* WaveLink_Mobile_AI */,
			);
			name = WaveLink_Mobile_AI;
			packageProductDependencies = (
			);
			productName = WaveLink_Mobile_AI;
			productReference = 2D20B83B2CED231000F9B837 /* WaveLink_Mobile_AI.app */;
			productType = "com.apple.product-type.application";
		};
		2D20B84A2CED231100F9B837 /* WaveLink_Mobile_AITests */ = {
			isa = PBXNativeTarget;
			buildConfigurationList = 2D20B8622CED231200F9B837 /* Build configuration list for PBXNativeTarget "WaveLink_Mobile_AITests" */;
			buildPhases = (
				2D20B8472CED231100F9B837 /* Sources */,
				2D20B8482CED231100F9B837 /* Frameworks */,
				2D20B8492CED231100F9B837 /* Resources */,
			);
			buildRules = (
			);
			dependencies = (
				2D20B84D2CED231200F9B837 /* PBXTargetDependency */,
			);
			fileSystemSynchronizedGroups = (
				2D20B84E2CED231200F9B837 /* WaveLink_Mobile_AITests */,
			);
			name = WaveLink_Mobile_AITests;
			packageProductDependencies = (
			);
			productName = WaveLink_Mobile_AITests;
			productReference = 2D20B84B2CED231200F9B837 /* WaveLink_Mobile_AITests.xctest */;
			productType = "com.apple.product-type.bundle.unit-test";
		};
		2D20B8542CED231200F9B837 /* WaveLink_Mobile_AIUITests */ = {
			isa = PBXNativeTarget;
			buildConfigurationList = 2D20B8652CED231200F9B837 /* Build configuration list for PBXNativeTarget "WaveLink_Mobile_AIUITests" */;
			buildPhases = (
				2D20B8512CED231200F9B837 /* Sources */,
				2D20B8522CED231200F9B837 /* Frameworks */,
				2D20B8532CED231200F9B837 /* Resources */,
			);
			buildRules = (
			);
			dependencies = (
				2D20B8572CED231200F9B837 /* PBXTargetDependency */,
			);
			fileSystemSynchronizedGroups = (
				2D20B8582CED231200F9B837 /* WaveLink_Mobile_AIUITests */,
			);
			name = WaveLink_Mobile_AIUITests;
			packageProductDependencies = (
			);
			productName = WaveLink_Mobile_AIUITests;
			productReference = 2D20B8552CED231200F9B837 /* WaveLink_Mobile_AIUITests.xctest */;
			productType = "com.apple.product-type.bundle.ui-testing";
		};
/* End PBXNativeTarget section */

/* Begin PBXProject section */
		2D20B8332CED231000F9B837 /* Project object */ = {
			isa = PBXProject;
			attributes = {
				BuildIndependentTargetsInParallel = 1;
				LastSwiftUpdateCheck = 1610;
				LastUpgradeCheck = 1610;
				TargetAttributes = {
					2D20B83A2CED231000F9B837 = {
						CreatedOnToolsVersion = 16.1;
					};
					2D20B84A2CED231100F9B837 = {
						CreatedOnToolsVersion = 16.1;
						TestTargetID = 2D20B83A2CED231000F9B837;
					};
					2D20B8542CED231200F9B837 = {
						CreatedOnToolsVersion = 16.1;
						TestTargetID = 2D20B83A2CED231000F9B837;
					};
				};
			};
			buildConfigurationList = 2D20B8362CED231000F9B837 /* Build configuration list for PBXProject "WaveLink_Mobile_AI" */;
			developmentRegion = en;
			hasScannedForEncodings = 0;
			knownRegions = (
				en,
				Base,
			);
			mainGroup = 2D20B8322CED231000F9B837;
			minimizedProjectReferenceProxies = 1;
			preferredProjectObjectVersion = 77;
			productRefGroup = 2D20B83C2CED231000F9B837 /* Products */;
			projectDirPath = "";
			projectRoot = "";
			targets = (
				2D20B83A2CED231000F9B837 /* WaveLink_Mobile_AI */,
				2D20B84A2CED231100F9B837 /* WaveLink_Mobile_AITests */,
				2D20B8542CED231200F9B837 /* WaveLink_Mobile_AIUITests */,
			);
		};
/* End PBXProject section */

/* Begin PBXResourcesBuildPhase section */
		2D20B8392CED231000F9B837 /* Resources */ = {
			isa = PBXResourcesBuildPhase;
			buildActionMask = 2147483647;
			files = (
			);
			runOnlyForDeploymentPostprocessing = 0;
		};
		2D20B8492CED231100F9B837 /* Resources */ = {
			isa = PBXResourcesBuildPhase;
			buildActionMask = 2147483647;
			files = (
			);
			runOnlyForDeploymentPostprocessing = 0;
		};
		2D20B8532CED231200F9B837 /* Resources */ = {
			isa = PBXResourcesBuildPhase;
			buildActionMask = 2147483647;
			files = (
			);
			runOnlyForDeploymentPostprocessing = 0;
		};
/* End PBXResourcesBuildPhase section */

/* Begin PBXSourcesBuildPhase section */
		2D20B8372CED231000F9B837 /* Sources */ = {
			isa = PBXSourcesBuildPhase;
			buildActionMask = 2147483647;
			files = (
			);
			runOnlyForDeploymentPostprocessing = 0;
		};
		2D20B8472CED231100F9B837 /* Sources */ = {
			isa = PBXSourcesBuildPhase;
			buildActionMask = 2147483647;
			files = (
			);
			runOnlyForDeploymentPostprocessing = 0;
		};
		2D20B8512CED231200F9B837 /* Sources */ = {
			isa = PBXSourcesBuildPhase;
			buildActionMask = 2147483647;
			files = (
			);
			runOnlyForDeploymentPostprocessing = 0;
		};
/* End PBXSourcesBuildPhase section */

/* Begin PBXTargetDependency section */
		2D20B84D2CED231200F9B837 /* PBXTargetDependency */ = {
			isa = PBXTargetDependency;
			target = 2D20B83A2CED231000F9B837 /* WaveLink_Mobile_AI */;
			targetProxy = 2D20B84C2CED231200F9B837 /* PBXContainerItemProxy */;
		};
		2D20B8572CED231200F9B837 /* PBXTargetDependency */ = {
			isa = PBXTargetDependency;
			target = 2D20B83A2CED231000F9B837 /* WaveLink_Mobile_AI */;
			targetProxy = 2D20B8562CED231200F9B837 /* PBXContainerItemProxy */;
		};
/* End PBXTargetDependency section */

/* Begin XCBuildConfiguration section */
		2D20B85D2CED231200F9B837 /* Debug */ = {
			isa = XCBuildConfiguration;
			buildSettings = {
				ALWAYS_SEARCH_USER_PATHS = NO;
				ASSETCATALOG_COMPILER_GENERATE_SWIFT_ASSET_SYMBOL_EXTENSIONS = YES;
				CLANG_ANALYZER_NONNULL = YES;
				CLANG_ANALYZER_NUMBER_OBJECT_CONVERSION = YES_AGGRESSIVE;
				CLANG_CXX_LANGUAGE_STANDARD = "gnu++20";
				CLANG_ENABLE_MODULES = YES;
				CLANG_ENABLE_OBJC_ARC = YES;
				CLANG_ENABLE_OBJC_WEAK = YES;
				CLANG_WARN_BLOCK_CAPTURE_AUTORELEASING = YES;
				CLANG_WARN_BOOL_CONVERSION = YES;
				CLANG_WARN_COMMA = YES;
				CLANG_WARN_CONSTANT_CONVERSION = YES;
				CLANG_WARN_DEPRECATED_OBJC_IMPLEMENTATIONS = YES;
				CLANG_WARN_DIRECT_OBJC_ISA_USAGE = YES_ERROR;
				CLANG_WARN_DOCUMENTATION_COMMENTS = YES;
				CLANG_WARN_EMPTY_BODY = YES;
				CLANG_WARN_ENUM_CONVERSION = YES;
				CLANG_WARN_INFINITE_RECURSION = YES;
				CLANG_WARN_INT_CONVERSION = YES;
				CLANG_WARN_NON_LITERAL_NULL_CONVERSION = YES;
				CLANG_WARN_OBJC_IMPLICIT_RETAIN_SELF = YES;
				CLANG_WARN_OBJC_LITERAL_CONVERSION = YES;
				CLANG_WARN_OBJC_ROOT_CLASS = YES_ERROR;
				CLANG_WARN_QUOTED_INCLUDE_IN_FRAMEWORK_HEADER = YES;
				CLANG_WARN_RANGE_LOOP_ANALYSIS = YES;
				CLANG_WARN_STRICT_PROTOTYPES = YES;
				CLANG_WARN_SUSPICIOUS_MOVE = YES;
				CLANG_WARN_UNGUARDED_AVAILABILITY = YES_AGGRESSIVE;
				CLANG_WARN_UNREACHABLE_CODE = YES;
				CLANG_WARN__DUPLICATE_METHOD_MATCH = YES;
				COPY_PHASE_STRIP = NO;
				DEBUG_INFORMATION_FORMAT = dwarf;
				ENABLE_STRICT_OBJC_MSGSEND = YES;
				ENABLE_TESTABILITY = YES;
				ENABLE_USER_SCRIPT_SANDBOXING = YES;
				GCC_C_LANGUAGE_STANDARD = gnu17;
				GCC_DYNAMIC_NO_PIC = NO;
				GCC_NO_COMMON_BLOCKS = YES;
				GCC_OPTIMIZATION_LEVEL = 0;
				GCC_PREPROCESSOR_DEFINITIONS = (
					"DEBUG=1",
					"$(inherited)",
				);
				GCC_WARN_64_TO_32_BIT_CONVERSION = YES;
				GCC_WARN_ABOUT_RETURN_TYPE = YES_ERROR;
				GCC_WARN_UNDECLARED_SELECTOR = YES;
				GCC_WARN_UNINITIALIZED_AUTOS = YES_AGGRESSIVE;
				GCC_WARN_UNUSED_FUNCTION = YES;
				GCC_WARN_UNUSED_VARIABLE = YES;
				IPHONEOS_DEPLOYMENT_TARGET = 18.1;
				LOCALIZATION_PREFERS_STRING_CATALOGS = YES;
				MTL_ENABLE_DEBUG_INFO = INCLUDE_SOURCE;
				MTL_FAST_MATH = YES;
				ONLY_ACTIVE_ARCH = YES;
				SDKROOT = iphoneos;
				SWIFT_ACTIVE_COMPILATION_CONDITIONS = "DEBUG $(inherited)";
				SWIFT_OPTIMIZATION_LEVEL = "-Onone";
			};
			name = Debug;
		};
		2D20B85E2CED231200F9B837 /* Release */ = {
			isa = XCBuildConfiguration;
			buildSettings = {
				ALWAYS_SEARCH_USER_PATHS = NO;
				ASSETCATALOG_COMPILER_GENERATE_SWIFT_ASSET_SYMBOL_EXTENSIONS = YES;
				CLANG_ANALYZER_NONNULL = YES;
				CLANG_ANALYZER_NUMBER_OBJECT_CONVERSION = YES_AGGRESSIVE;
				CLANG_CXX_LANGUAGE_STANDARD = "gnu++20";
				CLANG_ENABLE_MODULES = YES;
				CLANG_ENABLE_OBJC_ARC = YES;
				CLANG_ENABLE_OBJC_WEAK = YES;
				CLANG_WARN_BLOCK_CAPTURE_AUTORELEASING = YES;
				CLANG_WARN_BOOL_CONVERSION = YES;
				CLANG_WARN_COMMA = YES;
				CLANG_WARN_CONSTANT_CONVERSION = YES;
				CLANG_WARN_DEPRECATED_OBJC_IMPLEMENTATIONS = YES;
				CLANG_WARN_DIRECT_OBJC_ISA_USAGE = YES_ERROR;
				CLANG_WARN_DOCUMENTATION_COMMENTS = YES;
				CLANG_WARN_EMPTY_BODY = YES;
				CLANG_WARN_ENUM_CONVERSION = YES;
				CLANG_WARN_INFINITE_RECURSION = YES;
				CLANG_WARN_INT_CONVERSION = YES;
				CLANG_WARN_NON_LITERAL_NULL_CONVERSION = YES;
				CLANG_WARN_OBJC_IMPLICIT_RETAIN_SELF = YES;
				CLANG_WARN_OBJC_LITERAL_CONVERSION = YES;
				CLANG_WARN_OBJC_ROOT_CLASS = YES_ERROR;
				CLANG_WARN_QUOTED_INCLUDE_IN_FRAMEWORK_HEADER = YES;
				CLANG_WARN_RANGE_LOOP_ANALYSIS = YES;
				CLANG_WARN_STRICT_PROTOTYPES = YES;
				CLANG_WARN_SUSPICIOUS_MOVE = YES;
				CLANG_WARN_UNGUARDED_AVAILABILITY = YES_AGGRESSIVE;
				CLANG_WARN_UNREACHABLE_CODE = YES;
				CLANG_WARN__DUPLICATE_METHOD_MATCH = YES;
				COPY_PHASE_STRIP = NO;
				DEBUG_INFORMATION_FORMAT = "dwarf-with-dsym";
				ENABLE_NS_ASSERTIONS = NO;
				ENABLE_STRICT_OBJC_MSGSEND = YES;
				ENABLE_USER_SCRIPT_SANDBOXING = YES;
				GCC_C_LANGUAGE_STANDARD = gnu17;
				GCC_NO_COMMON_BLOCKS = YES;
				GCC_WARN_64_TO_32_BIT_CONVERSION = YES;
				GCC_WARN_ABOUT_RETURN_TYPE = YES_ERROR;
				GCC_WARN_UNDECLARED_SELECTOR = YES;
				GCC_WARN_UNINITIALIZED_AUTOS = YES_AGGRESSIVE;
				GCC_WARN_UNUSED_FUNCTION = YES;
				GCC_WARN_UNUSED_VARIABLE = YES;
				IPHONEOS_DEPLOYMENT_TARGET = 18.1;
				LOCALIZATION_PREFERS_STRING_CATALOGS = YES;
				MTL_ENABLE_DEBUG_INFO = NO;
				MTL_FAST_MATH = YES;
				SDKROOT = iphoneos;
				SWIFT_COMPILATION_MODE = wholemodule;
				VALIDATE_PRODUCT = YES;
			};
			name = Release;
		};
		2D20B8602CED231200F9B837 /* Debug */ = {
			isa = XCBuildConfiguration;
			buildSettings = {
				ASSETCATALOG_COMPILER_APPICON_NAME = AppIcon;
				ASSETCATALOG_COMPILER_GLOBAL_ACCENT_COLOR_NAME = AccentColor;
				CODE_SIGN_STYLE = Automatic;
				CURRENT_PROJECT_VERSION = 1;
				DEVELOPMENT_ASSET_PATHS = "\"WaveLink_Mobile_AI/Preview Content\"";
				DEVELOPMENT_TEAM = 8732TTB778;
				ENABLE_PREVIEWS = YES;
				GENERATE_INFOPLIST_FILE = YES;
				INFOPLIST_FILE = "WaveLink-Mobile-AI-Info.plist";
				INFOPLIST_KEY_LSApplicationCategoryType = "";
				INFOPLIST_KEY_NSMicrophoneUsageDescription = "";
				INFOPLIST_KEY_UIApplicationSceneManifest_Generation = YES;
				INFOPLIST_KEY_UIApplicationSupportsIndirectInputEvents = YES;
				INFOPLIST_KEY_UILaunchScreen_Generation = YES;
				INFOPLIST_KEY_UISupportedInterfaceOrientations_iPad = "UIInterfaceOrientationPortrait UIInterfaceOrientationPortraitUpsideDown UIInterfaceOrientationLandscapeLeft UIInterfaceOrientationLandscapeRight";
				INFOPLIST_KEY_UISupportedInterfaceOrientations_iPhone = "UIInterfaceOrientationPortrait UIInterfaceOrientationLandscapeLeft UIInterfaceOrientationLandscapeRight";
				LD_RUNPATH_SEARCH_PATHS = (
					"$(inherited)",
					"@executable_path/Frameworks",
				);
				MARKETING_VERSION = 1.0;
				PRODUCT_BUNDLE_IDENTIFIER = "com.mutishuman.WaveLink-Mobile-AI";
				PRODUCT_NAME = "$(TARGET_NAME)";
				SWIFT_EMIT_LOC_STRINGS = YES;
				SWIFT_VERSION = 5.0;
				TARGETED_DEVICE_FAMILY = "1,2";
			};
			name = Debug;
		};
		2D20B8612CED231200F9B837 /* Release */ = {
			isa = XCBuildConfiguration;
			buildSettings = {
				ASSETCATALOG_COMPILER_APPICON_NAME = AppIcon;
				ASSETCATALOG_COMPILER_GLOBAL_ACCENT_COLOR_NAME = AccentColor;
				CODE_SIGN_STYLE = Automatic;
				CURRENT_PROJECT_VERSION = 1;
				DEVELOPMENT_ASSET_PATHS = "\"WaveLink_Mobile_AI/Preview Content\"";
				DEVELOPMENT_TEAM = 8732TTB778;
				ENABLE_PREVIEWS = YES;
				GENERATE_INFOPLIST_FILE = YES;
				INFOPLIST_FILE = "WaveLink-Mobile-AI-Info.plist";
				INFOPLIST_KEY_LSApplicationCategoryType = "";
				INFOPLIST_KEY_NSMicrophoneUsageDescription = "";
				INFOPLIST_KEY_UIApplicationSceneManifest_Generation = YES;
				INFOPLIST_KEY_UIApplicationSupportsIndirectInputEvents = YES;
				INFOPLIST_KEY_UILaunchScreen_Generation = YES;
				INFOPLIST_KEY_UISupportedInterfaceOrientations_iPad = "UIInterfaceOrientationPortrait UIInterfaceOrientationPortraitUpsideDown UIInterfaceOrientationLandscapeLeft UIInterfaceOrientationLandscapeRight";
				INFOPLIST_KEY_UISupportedInterfaceOrientations_iPhone = "UIInterfaceOrientationPortrait UIInterfaceOrientationLandscapeLeft UIInterfaceOrientationLandscapeRight";
				LD_RUNPATH_SEARCH_PATHS = (
					"$(inherited)",
					"@executable_path/Frameworks",
				);
				MARKETING_VERSION = 1.0;
				PRODUCT_BUNDLE_IDENTIFIER = "com.mutishuman.WaveLink-Mobile-AI";
				PRODUCT_NAME = "$(TARGET_NAME)";
				SWIFT_EMIT_LOC_STRINGS = YES;
				SWIFT_VERSION = 5.0;
				TARGETED_DEVICE_FAMILY = "1,2";
			};
			name = Release;
		};
		2D20B8632CED231200F9B837 /* Debug */ = {
			isa = XCBuildConfiguration;
			buildSettings = {
				BUNDLE_LOADER = "$(TEST_HOST)";
				CODE_SIGN_STYLE = Automatic;
				CURRENT_PROJECT_VERSION = 1;
				GENERATE_INFOPLIST_FILE = YES;
				IPHONEOS_DEPLOYMENT_TARGET = 18.1;
				MARKETING_VERSION = 1.0;
				PRODUCT_BUNDLE_IDENTIFIER = "com.mutishuman.WaveLink-Mobile-AITests";
				PRODUCT_NAME = "$(TARGET_NAME)";
				SWIFT_EMIT_LOC_STRINGS = NO;
				SWIFT_VERSION = 5.0;
				TARGETED_DEVICE_FAMILY = "1,2";
				TEST_HOST = "$(BUILT_PRODUCTS_DIR)/WaveLink_Mobile_AI.app/$(BUNDLE_EXECUTABLE_FOLDER_PATH)/WaveLink_Mobile_AI";
			};
			name = Debug;
		};
		2D20B8642CED231200F9B837 /* Release */ = {
			isa = XCBuildConfiguration;
			buildSettings = {
				BUNDLE_LOADER = "$(TEST_HOST)";
				CODE_SIGN_STYLE = Automatic;
				CURRENT_PROJECT_VERSION = 1;
				GENERATE_INFOPLIST_FILE = YES;
				IPHONEOS_DEPLOYMENT_TARGET = 18.1;
				MARKETING_VERSION = 1.0;
				PRODUCT_BUNDLE_IDENTIFIER = "com.mutishuman.WaveLink-Mobile-AITests";
				PRODUCT_NAME = "$(TARGET_NAME)";
				SWIFT_EMIT_LOC_STRINGS = NO;
				SWIFT_VERSION = 5.0;
				TARGETED_DEVICE_FAMILY = "1,2";
				TEST_HOST = "$(BUILT_PRODUCTS_DIR)/WaveLink_Mobile_AI.app/$(BUNDLE_EXECUTABLE_FOLDER_PATH)/WaveLink_Mobile_AI";
			};
			name = Release;
		};
		2D20B8662CED231200F9B837 /* Debug */ = {
			isa = XCBuildConfiguration;
			buildSettings = {
				CODE_SIGN_STYLE = Automatic;
				CURRENT_PROJECT_VERSION = 1;
				GENERATE_INFOPLIST_FILE = YES;
				MARKETING_VERSION = 1.0;
				PRODUCT_BUNDLE_IDENTIFIER = "com.mutishuman.WaveLink-Mobile-AIUITests";
				PRODUCT_NAME = "$(TARGET_NAME)";
				SWIFT_EMIT_LOC_STRINGS = NO;
				SWIFT_VERSION = 5.0;
				TARGETED_DEVICE_FAMILY = "1,2";
				TEST_TARGET_NAME = WaveLink_Mobile_AI;
			};
			name = Debug;
		};
		2D20B8672CED231200F9B837 /* Release */ = {
			isa = XCBuildConfiguration;
			buildSettings = {
				CODE_SIGN_STYLE = Automatic;
				CURRENT_PROJECT_VERSION = 1;
				GENERATE_INFOPLIST_FILE = YES;
				MARKETING_VERSION = 1.0;
				PRODUCT_BUNDLE_IDENTIFIER = "com.mutishuman.WaveLink-Mobile-AIUITests";
				PRODUCT_NAME = "$(TARGET_NAME)";
				SWIFT_EMIT_LOC_STRINGS = NO;
				SWIFT_VERSION = 5.0;
				TARGETED_DEVICE_FAMILY = "1,2";
				TEST_TARGET_NAME = WaveLink_Mobile_AI;
			};
			name = Release;
		};
/* End XCBuildConfiguration section */

/* Begin XCConfigurationList section */
		2D20B8362CED231000F9B837 /* Build configuration list for PBXProject "WaveLink_Mobile_AI" */ = {
			isa = XCConfigurationList;
			buildConfigurations = (
				2D20B85D2CED231200F9B837 /* Debug */,
				2D20B85E2CED231200F9B837 /* Release */,
			);
			defaultConfigurationIsVisible = 0;
			defaultConfigurationName = Release;
		};
		2D20B85F2CED231200F9B837 /* Build configuration list for PBXNativeTarget "WaveLink_Mobile_AI" */ = {
			isa = XCConfigurationList;
			buildConfigurations = (
				2D20B8602CED231200F9B837 /* Debug */,
				2D20B8612CED231200F9B837 /* Release */,
			);
			defaultConfigurationIsVisible = 0;
			defaultConfigurationName = Release;
		};
		2D20B8622CED231200F9B837 /* Build configuration list for PBXNativeTarget "WaveLink_Mobile_AITests" */ = {
			isa = XCConfigurationList;
			buildConfigurations = (
				2D20B8632CED231200F9B837 /* Debug */,
				2D20B8642CED231200F9B837 /* Release */,
			);
			defaultConfigurationIsVisible = 0;
			defaultConfigurationName = Release;
		};
		2D20B8652CED231200F9B837 /* Build configuration list for PBXNativeTarget "WaveLink_Mobile_AIUITests" */ = {
			isa = XCConfigurationList;
			buildConfigurations = (
				2D20B8662CED231200F9B837 /* Debug */,
				2D20B8672CED231200F9B837 /* Release */,
			);
			defaultConfigurationIsVisible = 0;
			defaultConfigurationName = Release;
		};
/* End XCConfigurationList section */
	};
	rootObject = 2D20B8332CED231000F9B837 /* Project object */;
}
